
Microsoft Visual Studio Solution File, Format Version 12.00
# Visual Studio Version 17
VisualStudioVersion = 17.8.34525.116
MinimumVisualStudioVersion = 10.0.40219.1
Project("{9A19103F-16F7-4668-BE54-9A1E7A4F7556}") = "ControleClientes", "ControleClientes\ControleClientes.csproj", "{99B350F6-D7DC-4F87-A564-85973976FEE5}"
EndProject
Global
	GlobalSection(SolutionConfigurationPlatforms) = preSolution
		Debug|Any CPU = Debug|Any CPU
		Release|Any CPU = Release|Any CPU
	EndGlobalSection
	GlobalSection(ProjectConfigurationPlatforms) = postSolution
		{99B350F6-D7DC-4F87-A564-85973976FEE5}.Debug|Any CPU.ActiveCfg = Debug|Any CPU
		{99B350F6-D7DC-4F87-A564-85973976FEE5}.Debug|Any CPU.Build.0 = Debug|Any CPU
		{99B350F6-D7DC-4F87-A564-85973976FEE5}.Release|Any CPU.ActiveCfg = Release|Any CPU
		{99B350F6-D7DC-4F87-A564-85973976FEE5}.Release|Any CPU.Build.0 = Release|Any CPU
	EndGlobalSection
	GlobalSection(SolutionProperties) = preSolution
		HideSolutionNode = FALSE
	EndGlobalSection
	GlobalSection(ExtensibilityGlobals) = postSolution
		SolutionGuid = {6F9EE83B-3BCD-4C5C-8575-8E58752F72FE}
	EndGlobalSection
EndGlobal
